
Microsoft Visual Studio Solution File, Format Version 12.00
# Visual Studio Version 16
VisualStudioVersion = 16.0.31205.134
MinimumVisualStudioVersion = 10.0.40219.1
Project("{FAE04EC0-301F-11D3-BF4B-00C04F79EFBC}") = "InformationTechnologyCompany", "InformationTechnologyCompany\InformationTechnologyCompany.csproj", "{5E15C3C1-72E8-4288-9339-E554CB6F2779}"
EndProject
Global
	GlobalSection(SolutionConfigurationPlatforms) = preSolution
		Debug|Any CPU = Debug|Any CPU
		Release|Any CPU = Release|Any CPU
	EndGlobalSection
	GlobalSection(ProjectConfigurationPlatforms) = postSolution
		{5E15C3C1-72E8-4288-9339-E554CB6F2779}.Debug|Any CPU.ActiveCfg = Debug|Any CPU
		{5E15C3C1-72E8-4288-9339-E554CB6F2779}.Debug|Any CPU.Build.0 = Debug|Any CPU
		{5E15C3C1-72E8-4288-9339-E554CB6F2779}.Release|Any CPU.ActiveCfg = Release|Any CPU
		{5E15C3C1-72E8-4288-9339-E554CB6F2779}.Release|Any CPU.Build.0 = Release|Any CPU
	EndGlobalSection
	GlobalSection(SolutionProperties) = preSolution
		HideSolutionNode = FALSE
	EndGlobalSection
	GlobalSection(ExtensibilityGlobals) = postSolution
		SolutionGuid = {E41700FD-A890-4AC3-8790-46B763256382}
	EndGlobalSection
EndGlobal
